
Microsoft Visual Studio Solution File, Format Version 12.00
# Visual Studio 15
VisualStudioVersion = 15.0.27428.2005
MinimumVisualStudioVersion = 10.0.40219.1
Project("{FAE04EC0-301F-11D3-BF4B-00C04F79EFBC}") = "Average Grades", "Average Grades\Average Grades.csproj", "{1202D841-8BFD-4F69-BEEF-86DFBA2B3DDC}"
EndProject
Global
	GlobalSection(SolutionConfigurationPlatforms) = preSolution
		Debug|Any CPU = Debug|Any CPU
		Release|Any CPU = Release|Any CPU
	EndGlobalSection
	GlobalSection(ProjectConfigurationPlatforms) = postSolution
		{1202D841-8BFD-4F69-BEEF-86DFBA2B3DDC}.Debug|Any CPU.ActiveCfg = Debug|Any CPU
		{1202D841-8BFD-4F69-BEEF-86DFBA2B3DDC}.Debug|Any CPU.Build.0 = Debug|Any CPU
		{1202D841-8BFD-4F69-BEEF-86DFBA2B3DDC}.Release|Any CPU.ActiveCfg = Release|Any CPU
		{1202D841-8BFD-4F69-BEEF-86DFBA2B3DDC}.Release|Any CPU.Build.0 = Release|Any CPU
	EndGlobalSection
	GlobalSection(SolutionProperties) = preSolution
		HideSolutionNode = FALSE
	EndGlobalSection
	GlobalSection(ExtensibilityGlobals) = postSolution
		SolutionGuid = {D7A9F0B4-ED44-4EC6-8072-5A841EC5251F}
	EndGlobalSection
EndGlobal
