
Microsoft Visual Studio Solution File, Format Version 12.00
# Visual Studio 15
VisualStudioVersion = 15.0.27428.2005
MinimumVisualStudioVersion = 10.0.40219.1
Project("{FAE04EC0-301F-11D3-BF4B-00C04F79EFBC}") = "Hands of Cards", "Hands of Cards\Hands of Cards.csproj", "{450767A9-239F-4E6B-92B9-0C09B086D3C7}"
EndProject
Global
	GlobalSection(SolutionConfigurationPlatforms) = preSolution
		Debug|Any CPU = Debug|Any CPU
		Release|Any CPU = Release|Any CPU
	EndGlobalSection
	GlobalSection(ProjectConfigurationPlatforms) = postSolution
		{450767A9-239F-4E6B-92B9-0C09B086D3C7}.Debug|Any CPU.ActiveCfg = Debug|Any CPU
		{450767A9-239F-4E6B-92B9-0C09B086D3C7}.Debug|Any CPU.Build.0 = Debug|Any CPU
		{450767A9-239F-4E6B-92B9-0C09B086D3C7}.Release|Any CPU.ActiveCfg = Release|Any CPU
		{450767A9-239F-4E6B-92B9-0C09B086D3C7}.Release|Any CPU.Build.0 = Release|Any CPU
	EndGlobalSection
	GlobalSection(SolutionProperties) = preSolution
		HideSolutionNode = FALSE
	EndGlobalSection
	GlobalSection(ExtensibilityGlobals) = postSolution
		SolutionGuid = {507CE05D-CB7B-4B1F-86D4-408C7AAF974E}
	EndGlobalSection
EndGlobal
