
Microsoft Visual Studio Solution File, Format Version 12.00
# Visual Studio 15
VisualStudioVersion = 15.0.27428.2005
MinimumVisualStudioVersion = 10.0.40219.1
Project("{FAE04EC0-301F-11D3-BF4B-00C04F79EFBC}") = "Largest Common End", "Largest Common End\Largest Common End.csproj", "{DD19A485-029D-4B23-9E53-DEDEEFB72934}"
EndProject
Global
	GlobalSection(SolutionConfigurationPlatforms) = preSolution
		Debug|Any CPU = Debug|Any CPU
		Release|Any CPU = Release|Any CPU
	EndGlobalSection
	GlobalSection(ProjectConfigurationPlatforms) = postSolution
		{DD19A485-029D-4B23-9E53-DEDEEFB72934}.Debug|Any CPU.ActiveCfg = Debug|Any CPU
		{DD19A485-029D-4B23-9E53-DEDEEFB72934}.Debug|Any CPU.Build.0 = Debug|Any CPU
		{DD19A485-029D-4B23-9E53-DEDEEFB72934}.Release|Any CPU.ActiveCfg = Release|Any CPU
		{DD19A485-029D-4B23-9E53-DEDEEFB72934}.Release|Any CPU.Build.0 = Release|Any CPU
	EndGlobalSection
	GlobalSection(SolutionProperties) = preSolution
		HideSolutionNode = FALSE
	EndGlobalSection
	GlobalSection(ExtensibilityGlobals) = postSolution
		SolutionGuid = {DC44213A-A5A4-4735-978C-01BA84781DF6}
	EndGlobalSection
EndGlobal
